{
  "name": "RconSendCommandJS",
  "version": "1.0.0",
  "lockfileVersion": 1,
  "requires": true,
  "dependencies": {
    "modern-rcon": {
      "version": "1.0.3",
      "resolved": "https://registry.npmjs.org/modern-rcon/-/modern-rcon-1.0.3.tgz",
      "integrity": "sha512-ng6WT7MvNVrPoLsY62guroNadGAn7AiucTnp3S130VEi/rHfblwfxRy5/c1wvkzogBI2F819ldw78TPhUCq27A=="
    }
  }
}
